{
  "name": "11_testando_o_pacote",
  "version": "1.0.0",
  "lockfileVersion": 2,
  "requires": true,
  "packages": {
    "": {
      "version": "1.0.0",
      "license": "ISC",
      "dependencies": {
        "operacoes-simples-de-matematica": "file:../11_aula_pacotes"
      }
    },
    "../11_aula_pacotes": {
      "version": "1.0.0",
      "license": "ISC"
    },
    "node_modules/operacoes-simples-de-matematica": {
      "resolved": "../11_aula_pacotes",
      "link": true
    }
  },
  "dependencies": {
    "operacoes-simples-de-matematica": {
      "version": "file:../11_aula_pacotes"
    }
  }
}
